
Microsoft Visual Studio Solution File, Format Version 12.00
# Visual Studio Version 16
VisualStudioVersion = 16.0.31624.102
MinimumVisualStudioVersion = 10.0.40219.1
Project("{9A19103F-16F7-4668-BE54-9A1E7A4F7556}") = "PartyCheckIn", "Party CheckIn\PartyCheckIn.csproj", "{591B76BB-051C-473F-BC86-5B80D9414A87}"
EndProject
Project("{9A19103F-16F7-4668-BE54-9A1E7A4F7556}") = "Test", "Test\Test.csproj", "{2653931C-4324-4374-B385-57FC8540B47A}"
EndProject
Global
	GlobalSection(SolutionConfigurationPlatforms) = preSolution
		Debug|Any CPU = Debug|Any CPU
		Release|Any CPU = Release|Any CPU
	EndGlobalSection
	GlobalSection(ProjectConfigurationPlatforms) = postSolution
		{591B76BB-051C-473F-BC86-5B80D9414A87}.Debug|Any CPU.ActiveCfg = Debug|Any CPU
		{591B76BB-051C-473F-BC86-5B80D9414A87}.Debug|Any CPU.Build.0 = Debug|Any CPU
		{591B76BB-051C-473F-BC86-5B80D9414A87}.Release|Any CPU.ActiveCfg = Release|Any CPU
		{591B76BB-051C-473F-BC86-5B80D9414A87}.Release|Any CPU.Build.0 = Release|Any CPU
		{2653931C-4324-4374-B385-57FC8540B47A}.Debug|Any CPU.ActiveCfg = Debug|Any CPU
		{2653931C-4324-4374-B385-57FC8540B47A}.Debug|Any CPU.Build.0 = Debug|Any CPU
		{2653931C-4324-4374-B385-57FC8540B47A}.Release|Any CPU.ActiveCfg = Release|Any CPU
		{2653931C-4324-4374-B385-57FC8540B47A}.Release|Any CPU.Build.0 = Release|Any CPU
	EndGlobalSection
	GlobalSection(SolutionProperties) = preSolution
		HideSolutionNode = FALSE
	EndGlobalSection
	GlobalSection(ExtensibilityGlobals) = postSolution
		SolutionGuid = {AC4EB7C4-BF84-480E-982C-937D4BFAABCC}
	EndGlobalSection
EndGlobal
